
Microsoft Visual Studio Solution File, Format Version 12.00
# Visual Studio 15
VisualStudioVersion = 15.0.28307.421
MinimumVisualStudioVersion = 10.0.40219.1
Project("{D2ABAB84-BF74-430A-B69E-9DC6D40DDA17}") = "Dynamics AX", "Dynamics AX\Dynamics AX.dwproj", "{D6E03F91-D160-44BE-A0D6-3008AE44C3D6}"
EndProject
Global
	GlobalSection(SolutionConfigurationPlatforms) = preSolution
		Development|Default = Development|Default
	EndGlobalSection
	GlobalSection(ProjectConfigurationPlatforms) = postSolution
		{D6E03F91-D160-44BE-A0D6-3008AE44C3D6}.Development|Default.ActiveCfg = Development
		{D6E03F91-D160-44BE-A0D6-3008AE44C3D6}.Development|Default.Build.0 = Development
		{D6E03F91-D160-44BE-A0D6-3008AE44C3D6}.Development|Default.Deploy.0 = Development
	EndGlobalSection
	GlobalSection(SolutionProperties) = preSolution
		HideSolutionNode = FALSE
	EndGlobalSection
	GlobalSection(ExtensibilityGlobals) = postSolution
		SolutionGuid = {382115B2-5209-4814-8727-9F0A292C6465}
	EndGlobalSection
EndGlobal
